// !$*UTF8*$!
{
	archiveVersion = 1;
	classes = {
	};
	objectVersion = 56;
	objects = {

/* Begin PBXBuildFile section */
		311436382ED0164200133BEC /* GeminiAPIService.swift in Sources */ = {isa = PBXBuildFile; fileRef = 311436362ED0164200133BEC /* GeminiAPIService.swift */; };
		311436392ED0164200133BEC /* OpenAIAPIService.swift in Sources */ = {isa = PBXBuildFile; fileRef = 311436372ED0164200133BEC /* OpenAIAPIService.swift */; };
		3114363D2ED0204800133BEC /* SymptomChatView.swift in Sources */ = {isa = PBXBuildFile; fileRef = 3114363C2ED0204800133BEC /* SymptomChatView.swift */; };
		3114363F2ED021D000133BEC /* CauseChatView.swift in Sources */ = {isa = PBXBuildFile; fileRef = 3114363E2ED021D000133BEC /* CauseChatView.swift */; };
		311436422ED025DB00133BEC /* SplashView.swift in Sources */ = {isa = PBXBuildFile; fileRef = 311436412ED025DB00133BEC /* SplashView.swift */; };
		311436432ED025DB00133BEC /* SessionsView.swift in Sources */ = {isa = PBXBuildFile; fileRef = 311436402ED025DB00133BEC /* SessionsView.swift */; };
		311436452ED02F3200133BEC /* OllamaAPIService.swift in Sources */ = {isa = PBXBuildFile; fileRef = 311436442ED02F3200133BEC /* OllamaAPIService.swift */; };
		311436492ED0E9DA00133BEC /* AppleIntelligenceService.swift in Sources */ = {isa = PBXBuildFile; fileRef = 311436482ED0E9DA00133BEC /* AppleIntelligenceService.swift */; };
		3114364B2ED1569800133BEC /* AuthenticationService.swift in Sources */ = {isa = PBXBuildFile; fileRef = 3114364A2ED1569800133BEC /* AuthenticationService.swift */; };
		3114364D2ED156A200133BEC /* LoginView.swift in Sources */ = {isa = PBXBuildFile; fileRef = 3114364C2ED156A200133BEC /* LoginView.swift */; };
		3114364F2ED15F1500133BEC /* HomeView.swift in Sources */ = {isa = PBXBuildFile; fileRef = 3114364E2ED15F1500133BEC /* HomeView.swift */; };
		311436512ED1858400133BEC /* CategoryManagementView.swift in Sources */ = {isa = PBXBuildFile; fileRef = 311436502ED1858400133BEC /* CategoryManagementView.swift */; };
		311436542ED195E900133BEC /* TreatmentsView.swift in Sources */ = {isa = PBXBuildFile; fileRef = 311436532ED195E900133BEC /* TreatmentsView.swift */; };
		311436552ED195E900133BEC /* CauseTreatmentsView.swift in Sources */ = {isa = PBXBuildFile; fileRef = 311436522ED195E900133BEC /* CauseTreatmentsView.swift */; };
		3162C39B2ED2D67E004D3A52 /* LaunchScreenView.swift in Sources */ = {isa = PBXBuildFile; fileRef = 3162C39A2ED2D67E004D3A52 /* LaunchScreenView.swift */; };
		3162C39D2ED2E6F4004D3A52 /* LaunchScreenView.swift in Sources */ = {isa = PBXBuildFile; fileRef = 3162C39C2ED2E6F4004D3A52 /* LaunchScreenView.swift */; };
		FA0000010000000000000001 /* MedicalAssistantApp.swift in Sources */ = {isa = PBXBuildFile; fileRef = FA0000020000000000000001 /* MedicalAssistantApp.swift */; };
		FA0000030000000000000001 /* ContentView.swift in Sources */ = {isa = PBXBuildFile; fileRef = FA0000040000000000000001 /* ContentView.swift */; };
		FA0000050000000000000001 /* MedicalModels.swift in Sources */ = {isa = PBXBuildFile; fileRef = FA0000060000000000000001 /* MedicalModels.swift */; };
		FA0000070000000000000001 /* ClaudeAPIService.swift in Sources */ = {isa = PBXBuildFile; fileRef = FA0000080000000000000001 /* ClaudeAPIService.swift */; };
		FA0000090000000000000001 /* MedicalAssistantViewModel.swift in Sources */ = {isa = PBXBuildFile; fileRef = FA0000100000000000000001 /* MedicalAssistantViewModel.swift */; };
		FA0000110000000000000001 /* UploadView.swift in Sources */ = {isa = PBXBuildFile; fileRef = FA0000120000000000000001 /* UploadView.swift */; };
		FA0000130000000000000001 /* SymptomsView.swift in Sources */ = {isa = PBXBuildFile; fileRef = FA0000140000000000000001 /* SymptomsView.swift */; };
		FA0000150000000000000001 /* CausesView.swift in Sources */ = {isa = PBXBuildFile; fileRef = FA0000160000000000000001 /* CausesView.swift */; };
		FA0000190000000000000001 /* SettingsView.swift in Sources */ = {isa = PBXBuildFile; fileRef = FA0000200000000000000001 /* SettingsView.swift */; };
		FA0000210000000000000001 /* DebugView.swift in Sources */ = {isa = PBXBuildFile; fileRef = FA0000220000000000000001 /* DebugView.swift */; };
		FA0000230000000000000001 /* ChatView.swift in Sources */ = {isa = PBXBuildFile; fileRef = FA0000240000000000000001 /* ChatView.swift */; };
		FA0000250000000000000001 /* APIKeyInputView.swift in Sources */ = {isa = PBXBuildFile; fileRef = FA0000260000000000000001 /* APIKeyInputView.swift */; };
		FA0000360000000000000001 /* Assets.xcassets in Resources */ = {isa = PBXBuildFile; fileRef = 311436462ED051C300133BEC /* Assets.xcassets */; };
		FA0000370000000000000001 /* MedicalHistoryView.swift in Sources */ = {isa = PBXBuildFile; fileRef = FA0000380000000000000001 /* MedicalHistoryView.swift */; };
/* End PBXBuildFile section */

/* Begin PBXFileReference section */
		311436362ED0164200133BEC /* GeminiAPIService.swift */ = {isa = PBXFileReference; lastKnownFileType = sourcecode.swift; path = GeminiAPIService.swift; sourceTree = "<group>"; };
		311436372ED0164200133BEC /* OpenAIAPIService.swift */ = {isa = PBXFileReference; lastKnownFileType = sourcecode.swift; path = OpenAIAPIService.swift; sourceTree = "<group>"; };
		3114363A2ED01FCD00133BEC /* GeminiAPIService.swift */ = {isa = PBXFileReference; lastKnownFileType = sourcecode.swift; path = GeminiAPIService.swift; sourceTree = "<group>"; };
		3114363C2ED0204800133BEC /* SymptomChatView.swift */ = {isa = PBXFileReference; lastKnownFileType = sourcecode.swift; path = SymptomChatView.swift; sourceTree = "<group>"; };
		3114363E2ED021D000133BEC /* CauseChatView.swift */ = {isa = PBXFileReference; lastKnownFileType = sourcecode.swift; path = CauseChatView.swift; sourceTree = "<group>"; };
		311436402ED025DB00133BEC /* SessionsView.swift */ = {isa = PBXFileReference; lastKnownFileType = sourcecode.swift; path = SessionsView.swift; sourceTree = "<group>"; };
		311436412ED025DB00133BEC /* SplashView.swift */ = {isa = PBXFileReference; lastKnownFileType = sourcecode.swift; path = SplashView.swift; sourceTree = "<group>"; };
		311436442ED02F3200133BEC /* OllamaAPIService.swift */ = {isa = PBXFileReference; lastKnownFileType = sourcecode.swift; path = OllamaAPIService.swift; sourceTree = "<group>"; };
		311436462ED051C300133BEC /* Assets.xcassets */ = {isa = PBXFileReference; lastKnownFileType = folder.assetcatalog; path = Assets.xcassets; sourceTree = "<group>"; };
		311436482ED0E9DA00133BEC /* AppleIntelligenceService.swift */ = {isa = PBXFileReference; lastKnownFileType = sourcecode.swift; path = AppleIntelligenceService.swift; sourceTree = "<group>"; };
		3114364A2ED1569800133BEC /* AuthenticationService.swift */ = {isa = PBXFileReference; lastKnownFileType = sourcecode.swift; path = AuthenticationService.swift; sourceTree = "<group>"; };
		3114364C2ED156A200133BEC /* LoginView.swift */ = {isa = PBXFileReference; lastKnownFileType = sourcecode.swift; path = LoginView.swift; sourceTree = "<group>"; };
		3114364E2ED15F1500133BEC /* HomeView.swift */ = {isa = PBXFileReference; lastKnownFileType = sourcecode.swift; path = HomeView.swift; sourceTree = "<group>"; };
		311436502ED1858400133BEC /* CategoryManagementView.swift */ = {isa = PBXFileReference; lastKnownFileType = sourcecode.swift; path = CategoryManagementView.swift; sourceTree = "<group>"; };
		311436522ED195E900133BEC /* CauseTreatmentsView.swift */ = {isa = PBXFileReference; lastKnownFileType = sourcecode.swift; path = CauseTreatmentsView.swift; sourceTree = "<group>"; };
		311436532ED195E900133BEC /* TreatmentsView.swift */ = {isa = PBXFileReference; lastKnownFileType = sourcecode.swift; path = TreatmentsView.swift; sourceTree = "<group>"; };
		3162C39A2ED2D67E004D3A52 /* LaunchScreenView.swift */ = {isa = PBXFileReference; lastKnownFileType = sourcecode.swift; path = LaunchScreenView.swift; sourceTree = "<group>"; };
		3162C39C2ED2E6F4004D3A52 /* LaunchScreenView.swift */ = {isa = PBXFileReference; lastKnownFileType = sourcecode.swift; path = LaunchScreenView.swift; sourceTree = "<group>"; };
		FA0000020000000000000001 /* MedicalAssistantApp.swift */ = {isa = PBXFileReference; lastKnownFileType = sourcecode.swift; path = MedicalAssistantApp.swift; sourceTree = "<group>"; };
		FA0000040000000000000001 /* ContentView.swift */ = {isa = PBXFileReference; lastKnownFileType = sourcecode.swift; path = ContentView.swift; sourceTree = "<group>"; };
		FA0000060000000000000001 /* MedicalModels.swift */ = {isa = PBXFileReference; lastKnownFileType = sourcecode.swift; path = MedicalModels.swift; sourceTree = "<group>"; };
		FA0000080000000000000001 /* ClaudeAPIService.swift */ = {isa = PBXFileReference; lastKnownFileType = sourcecode.swift; path = ClaudeAPIService.swift; sourceTree = "<group>"; };
		FA0000100000000000000001 /* MedicalAssistantViewModel.swift */ = {isa = PBXFileReference; lastKnownFileType = sourcecode.swift; path = MedicalAssistantViewModel.swift; sourceTree = "<group>"; };
		FA0000120000000000000001 /* UploadView.swift */ = {isa = PBXFileReference; lastKnownFileType = sourcecode.swift; path = UploadView.swift; sourceTree = "<group>"; };
		FA0000140000000000000001 /* SymptomsView.swift */ = {isa = PBXFileReference; lastKnownFileType = sourcecode.swift; path = SymptomsView.swift; sourceTree = "<group>"; };
		FA0000160000000000000001 /* CausesView.swift */ = {isa = PBXFileReference; lastKnownFileType = sourcecode.swift; path = CausesView.swift; sourceTree = "<group>"; };
		FA0000200000000000000001 /* SettingsView.swift */ = {isa = PBXFileReference; lastKnownFileType = sourcecode.swift; path = SettingsView.swift; sourceTree = "<group>"; };
		FA0000220000000000000001 /* DebugView.swift */ = {isa = PBXFileReference; lastKnownFileType = sourcecode.swift; path = DebugView.swift; sourceTree = "<group>"; };
		FA0000240000000000000001 /* ChatView.swift */ = {isa = PBXFileReference; lastKnownFileType = sourcecode.swift; path = ChatView.swift; sourceTree = "<group>"; };
		FA0000260000000000000001 /* APIKeyInputView.swift */ = {isa = PBXFileReference; lastKnownFileType = sourcecode.swift; path = APIKeyInputView.swift; sourceTree = "<group>"; };
		FA0000270000000000000001 /* Info.plist */ = {isa = PBXFileReference; lastKnownFileType = text.plist.xml; path = Info.plist; sourceTree = "<group>"; };
		FA0000380000000000000001 /* MedicalHistoryView.swift */ = {isa = PBXFileReference; lastKnownFileType = sourcecode.swift; path = MedicalHistoryView.swift; sourceTree = "<group>"; };
		FAA000010000000000000001 /* MedicalAssistant.app */ = {isa = PBXFileReference; explicitFileType = wrapper.application; includeInIndex = 0; path = MedicalAssistant.app; sourceTree = BUILT_PRODUCTS_DIR; };
/* End PBXFileReference section */

/* Begin PBXGroup section */
		FA0000280000000000000001 = {
			isa = PBXGroup;
			children = (
				FA0000290000000000000001 /* MedicalAssistant */,
				FA0000300000000000000001 /* Products */,
			);
			sourceTree = "<group>";
		};
		FA0000290000000000000001 /* MedicalAssistant */ = {
			isa = PBXGroup;
			children = (
				311436462ED051C300133BEC /* Assets.xcassets */,
				FA0000020000000000000001 /* MedicalAssistantApp.swift */,
				FA0000310000000000000001 /* Models */,
				FA0000320000000000000001 /* Views */,
				FA0000330000000000000001 /* ViewModels */,
				FA0000340000000000000001 /* Services */,
				FA0000350000000000000001 /* Resources */,
			);
			path = MedicalAssistant;
			sourceTree = "<group>";
		};
		FA0000300000000000000001 /* Products */ = {
			isa = PBXGroup;
			children = (
				FAA000010000000000000001 /* MedicalAssistant.app */,
			);
			name = Products;
			sourceTree = "<group>";
		};
		FA0000310000000000000001 /* Models */ = {
			isa = PBXGroup;
			children = (
				FA0000060000000000000001 /* MedicalModels.swift */,
			);
			path = Models;
			sourceTree = "<group>";
		};
		FA0000320000000000000001 /* Views */ = {
			isa = PBXGroup;
			children = (
				3162C39C2ED2E6F4004D3A52 /* LaunchScreenView.swift */,
				3162C39A2ED2D67E004D3A52 /* LaunchScreenView.swift */,
				311436522ED195E900133BEC /* CauseTreatmentsView.swift */,
				311436532ED195E900133BEC /* TreatmentsView.swift */,
				311436502ED1858400133BEC /* CategoryManagementView.swift */,
				3114364E2ED15F1500133BEC /* HomeView.swift */,
				3114364C2ED156A200133BEC /* LoginView.swift */,
				311436402ED025DB00133BEC /* SessionsView.swift */,
				311436412ED025DB00133BEC /* SplashView.swift */,
				3114363E2ED021D000133BEC /* CauseChatView.swift */,
				3114363C2ED0204800133BEC /* SymptomChatView.swift */,
				FA0000040000000000000001 /* ContentView.swift */,
				FA0000120000000000000001 /* UploadView.swift */,
				FA0000140000000000000001 /* SymptomsView.swift */,
				FA0000160000000000000001 /* CausesView.swift */,
				FA0000200000000000000001 /* SettingsView.swift */,
				FA0000220000000000000001 /* DebugView.swift */,
				FA0000240000000000000001 /* ChatView.swift */,
				FA0000260000000000000001 /* APIKeyInputView.swift */,
				FA0000380000000000000001 /* MedicalHistoryView.swift */,
			);
			path = Views;
			sourceTree = "<group>";
		};
		FA0000330000000000000001 /* ViewModels */ = {
			isa = PBXGroup;
			children = (
				FA0000100000000000000001 /* MedicalAssistantViewModel.swift */,
			);
			path = ViewModels;
			sourceTree = "<group>";
		};
		FA0000340000000000000001 /* Services */ = {
			isa = PBXGroup;
			children = (
				3114364A2ED1569800133BEC /* AuthenticationService.swift */,
				311436482ED0E9DA00133BEC /* AppleIntelligenceService.swift */,
				311436442ED02F3200133BEC /* OllamaAPIService.swift */,
				3114363A2ED01FCD00133BEC /* GeminiAPIService.swift */,
				311436362ED0164200133BEC /* GeminiAPIService.swift */,
				311436372ED0164200133BEC /* OpenAIAPIService.swift */,
				FA0000080000000000000001 /* ClaudeAPIService.swift */,
			);
			path = Services;
			sourceTree = "<group>";
		};
		FA0000350000000000000001 /* Resources */ = {
			isa = PBXGroup;
			children = (
				FA0000270000000000000001 /* Info.plist */,
			);
			path = Resources;
			sourceTree = "<group>";
		};
/* End PBXGroup section */

/* Begin PBXNativeTarget section */
		FAA000020000000000000001 /* MedicalAssistant */ = {
			isa = PBXNativeTarget;
			buildConfigurationList = FAA000030000000000000001 /* Build configuration list for PBXNativeTarget "MedicalAssistant" */;
			buildPhases = (
				FAA000040000000000000001 /* Sources */,
				FAA000090000000000000001 /* Resources */,
			);
			buildRules = (
			);
			dependencies = (
			);
			name = MedicalAssistant;
			productName = MedicalAssistant;
			productReference = FAA000010000000000000001 /* MedicalAssistant.app */;
			productType = "com.apple.product-type.application";
		};
/* End PBXNativeTarget section */

/* Begin PBXProject section */
		FAA000050000000000000001 /* Project object */ = {
			isa = PBXProject;
			attributes = {
				BuildIndependentTargetsInParallel = 1;
				LastSwiftUpdateCheck = 1500;
				LastUpgradeCheck = 2610;
			};
			buildConfigurationList = FAA000060000000000000001 /* Build configuration list for PBXProject "MedicalAssistant" */;
			compatibilityVersion = "Xcode 14.0";
			developmentRegion = en;
			hasScannedForEncodings = 0;
			knownRegions = (
				en,
				Base,
			);
			mainGroup = FA0000280000000000000001;
			packageReferences = (
				311C849D2ED2D1A5008BE21B /* XCRemoteSwiftPackageReference "firebase-ios-sdk" */,
				311C84A32ED2D1E6008BE21B /* XCRemoteSwiftPackageReference "GoogleSignIn-iOS" */,
				311C84A62ED2D2EA008BE21B /* XCRemoteSwiftPackageReference "facebook-ios-sdk" */,
			);
			productRefGroup = FA0000300000000000000001 /* Products */;
			projectDirPath = "";
			projectRoot = "";
			targets = (
				FAA000020000000000000001 /* MedicalAssistant */,
			);
		};
/* End PBXProject section */

/* Begin PBXResourcesBuildPhase section */
		FAA000090000000000000001 /* Resources */ = {
			isa = PBXResourcesBuildPhase;
			buildActionMask = 2147483647;
			files = (
				FA0000360000000000000001 /* Assets.xcassets in Resources */,
			);
			runOnlyForDeploymentPostprocessing = 0;
		};
/* End PBXResourcesBuildPhase section */

/* Begin PBXSourcesBuildPhase section */
		FAA000040000000000000001 /* Sources */ = {
			isa = PBXSourcesBuildPhase;
			buildActionMask = 2147483647;
			files = (
				311436542ED195E900133BEC /* TreatmentsView.swift in Sources */,
				311436552ED195E900133BEC /* CauseTreatmentsView.swift in Sources */,
				FA0000010000000000000001 /* MedicalAssistantApp.swift in Sources */,
				FA0000030000000000000001 /* ContentView.swift in Sources */,
				FA0000050000000000000001 /* MedicalModels.swift in Sources */,
				3114364F2ED15F1500133BEC /* HomeView.swift in Sources */,
				3114363D2ED0204800133BEC /* SymptomChatView.swift in Sources */,
				FA0000070000000000000001 /* ClaudeAPIService.swift in Sources */,
				FA0000090000000000000001 /* MedicalAssistantViewModel.swift in Sources */,
				3114364D2ED156A200133BEC /* LoginView.swift in Sources */,
				3162C39D2ED2E6F4004D3A52 /* LaunchScreenView.swift in Sources */,
				FA0000110000000000000001 /* UploadView.swift in Sources */,
				FA0000130000000000000001 /* SymptomsView.swift in Sources */,
				311436382ED0164200133BEC /* GeminiAPIService.swift in Sources */,
				311436452ED02F3200133BEC /* OllamaAPIService.swift in Sources */,
				311436512ED1858400133BEC /* CategoryManagementView.swift in Sources */,
				311436492ED0E9DA00133BEC /* AppleIntelligenceService.swift in Sources */,
				3114363F2ED021D000133BEC /* CauseChatView.swift in Sources */,
				311436392ED0164200133BEC /* OpenAIAPIService.swift in Sources */,
				FA0000150000000000000001 /* CausesView.swift in Sources */,
				FA0000190000000000000001 /* SettingsView.swift in Sources */,
				311436422ED025DB00133BEC /* SplashView.swift in Sources */,
				311436432ED025DB00133BEC /* SessionsView.swift in Sources */,
				3162C39B2ED2D67E004D3A52 /* LaunchScreenView.swift in Sources */,
				FA0000210000000000000001 /* DebugView.swift in Sources */,
				FA0000230000000000000001 /* ChatView.swift in Sources */,
				FA0000250000000000000001 /* APIKeyInputView.swift in Sources */,
				FA0000370000000000000001 /* MedicalHistoryView.swift in Sources */,
				3114364B2ED1569800133BEC /* AuthenticationService.swift in Sources */,
			);
			runOnlyForDeploymentPostprocessing = 0;
		};
/* End PBXSourcesBuildPhase section */

/* Begin XCBuildConfiguration section */
		FAA000070000000000000001 /* Debug */ = {
			isa = XCBuildConfiguration;
			buildSettings = {
				ALWAYS_SEARCH_USER_PATHS = NO;
				ASSETCATALOG_COMPILER_APPICON_NAME = AppIcon;
				ASSETCATALOG_COMPILER_GLOBAL_ACCENT_COLOR_NAME = AccentColor;
				ASSETCATALOG_COMPILER_INCLUDE_ALL_APPICON_ASSETS = NO;
				CLANG_ANALYZER_NONNULL = YES;
				CLANG_CXX_LANGUAGE_STANDARD = "gnu++20";
				CLANG_ENABLE_MODULES = YES;
				CLANG_ENABLE_OBJC_ARC = YES;
				CLANG_WARN_BLOCK_CAPTURE_AUTORELEASING = YES;
				CLANG_WARN_BOOL_CONVERSION = YES;
				CLANG_WARN_COMMA = YES;
				CLANG_WARN_CONSTANT_CONVERSION = YES;
				CLANG_WARN_DEPRECATED_OBJC_IMPLEMENTATIONS = YES;
				CLANG_WARN_EMPTY_BODY = YES;
				CLANG_WARN_ENUM_CONVERSION = YES;
				CLANG_WARN_INFINITE_RECURSION = YES;
				CLANG_WARN_INT_CONVERSION = YES;
				CLANG_WARN_NON_LITERAL_NULL_CONVERSION = YES;
				CLANG_WARN_OBJC_IMPLICIT_RETAIN_SELF = YES;
				CLANG_WARN_OBJC_LITERAL_CONVERSION = YES;
				CLANG_WARN_QUOTED_INCLUDE_IN_FRAMEWORK_HEADER = YES;
				CLANG_WARN_RANGE_LOOP_ANALYSIS = YES;
				CLANG_WARN_STRICT_PROTOTYPES = YES;
				CLANG_WARN_SUSPICIOUS_MOVE = YES;
				CLANG_WARN_UNREACHABLE_CODE = YES;
				CLANG_WARN__DUPLICATE_METHOD_MATCH = YES;
				CODE_SIGN_STYLE = Automatic;
				CURRENT_PROJECT_VERSION = 1;
				DEAD_CODE_STRIPPING = YES;
				DEVELOPMENT_TEAM = DZSJG44TM7;
				ENABLE_PREVIEWS = YES;
				ENABLE_STRICT_OBJC_MSGSEND = YES;
				ENABLE_TESTABILITY = YES;
				ENABLE_USER_SCRIPT_SANDBOXING = YES;
				GCC_NO_COMMON_BLOCKS = YES;
				GCC_WARN_64_TO_32_BIT_CONVERSION = YES;
				GCC_WARN_ABOUT_RETURN_TYPE = YES;
				GCC_WARN_UNDECLARED_SELECTOR = YES;
				GCC_WARN_UNINITIALIZED_AUTOS = YES;
				GCC_WARN_UNUSED_FUNCTION = YES;
				GCC_WARN_UNUSED_VARIABLE = YES;
				GENERATE_INFOPLIST_FILE = NO;
				INFOPLIST_FILE = MedicalAssistant/Resources/Info.plist;
				INFOPLIST_KEY_UIApplicationSceneManifest_Generation = YES;
				INFOPLIST_KEY_UIApplicationSupportsIndirectInputEvents = YES;
				INFOPLIST_KEY_UILaunchScreen_Generation = YES;
				INFOPLIST_KEY_UISupportedInterfaceOrientations = "UIInterfaceOrientationPortrait UIInterfaceOrientationLandscapeLeft UIInterfaceOrientationLandscapeRight";
				INFOPLIST_KEY_UISupportedInterfaceOrientations_iPad = "UIInterfaceOrientationPortrait UIInterfaceOrientationPortraitUpsideDown UIInterfaceOrientationLandscapeLeft UIInterfaceOrientationLandscapeRight";
				IPHONEOS_DEPLOYMENT_TARGET = 16.0;
				LD_RUNPATH_SEARCH_PATHS = (
					"$(inherited)",
					"@executable_path/Frameworks",
				);
				MARKETING_VERSION = 1.0;
				ONLY_ACTIVE_ARCH = YES;
				PRODUCT_BUNDLE_IDENTIFIER = com.mijosu.medical.assistant;
				PRODUCT_NAME = "$(TARGET_NAME)";
				STRING_CATALOG_GENERATE_SYMBOLS = YES;
				SUPPORTED_PLATFORMS = "iphoneos iphonesimulator";
				SUPPORTS_MACCATALYST = NO;
				SUPPORTS_MAC_DESIGNED_FOR_IPHONE_IPAD = NO;
				SWIFT_EMIT_LOC_STRINGS = YES;
				SWIFT_VERSION = 5.0;
				TARGETED_DEVICE_FAMILY = "1,2";
			};
			name = Debug;
		};
		FAA000080000000000000001 /* Release */ = {
			isa = XCBuildConfiguration;
			buildSettings = {
				ALWAYS_SEARCH_USER_PATHS = NO;
				ASSETCATALOG_COMPILER_APPICON_NAME = AppIcon;
				ASSETCATALOG_COMPILER_GLOBAL_ACCENT_COLOR_NAME = AccentColor;
				ASSETCATALOG_COMPILER_INCLUDE_ALL_APPICON_ASSETS = NO;
				CLANG_ANALYZER_NONNULL = YES;
				CLANG_CXX_LANGUAGE_STANDARD = "gnu++20";
				CLANG_ENABLE_MODULES = YES;
				CLANG_ENABLE_OBJC_ARC = YES;
				CLANG_WARN_BLOCK_CAPTURE_AUTORELEASING = YES;
				CLANG_WARN_BOOL_CONVERSION = YES;
				CLANG_WARN_COMMA = YES;
				CLANG_WARN_CONSTANT_CONVERSION = YES;
				CLANG_WARN_DEPRECATED_OBJC_IMPLEMENTATIONS = YES;
				CLANG_WARN_EMPTY_BODY = YES;
				CLANG_WARN_ENUM_CONVERSION = YES;
				CLANG_WARN_INFINITE_RECURSION = YES;
				CLANG_WARN_INT_CONVERSION = YES;
				CLANG_WARN_NON_LITERAL_NULL_CONVERSION = YES;
				CLANG_WARN_OBJC_IMPLICIT_RETAIN_SELF = YES;
				CLANG_WARN_OBJC_LITERAL_CONVERSION = YES;
				CLANG_WARN_QUOTED_INCLUDE_IN_FRAMEWORK_HEADER = YES;
				CLANG_WARN_RANGE_LOOP_ANALYSIS = YES;
				CLANG_WARN_STRICT_PROTOTYPES = YES;
				CLANG_WARN_SUSPICIOUS_MOVE = YES;
				CLANG_WARN_UNREACHABLE_CODE = YES;
				CLANG_WARN__DUPLICATE_METHOD_MATCH = YES;
				CODE_SIGN_STYLE = Automatic;
				CURRENT_PROJECT_VERSION = 1;
				DEAD_CODE_STRIPPING = YES;
				DEVELOPMENT_TEAM = DZSJG44TM7;
				ENABLE_PREVIEWS = YES;
				ENABLE_STRICT_OBJC_MSGSEND = YES;
				ENABLE_USER_SCRIPT_SANDBOXING = YES;
				GCC_NO_COMMON_BLOCKS = YES;
				GCC_WARN_64_TO_32_BIT_CONVERSION = YES;
				GCC_WARN_ABOUT_RETURN_TYPE = YES;
				GCC_WARN_UNDECLARED_SELECTOR = YES;
				GCC_WARN_UNINITIALIZED_AUTOS = YES;
				GCC_WARN_UNUSED_FUNCTION = YES;
				GCC_WARN_UNUSED_VARIABLE = YES;
				GENERATE_INFOPLIST_FILE = NO;
				INFOPLIST_FILE = MedicalAssistant/Resources/Info.plist;
				INFOPLIST_KEY_UIApplicationSceneManifest_Generation = YES;
				INFOPLIST_KEY_UIApplicationSupportsIndirectInputEvents = YES;
				INFOPLIST_KEY_UILaunchScreen_Generation = YES;
				INFOPLIST_KEY_UISupportedInterfaceOrientations = "UIInterfaceOrientationPortrait UIInterfaceOrientationLandscapeLeft UIInterfaceOrientationLandscapeRight";
				INFOPLIST_KEY_UISupportedInterfaceOrientations_iPad = "UIInterfaceOrientationPortrait UIInterfaceOrientationPortraitUpsideDown UIInterfaceOrientationLandscapeLeft UIInterfaceOrientationLandscapeRight";
				IPHONEOS_DEPLOYMENT_TARGET = 16.0;
				LD_RUNPATH_SEARCH_PATHS = (
					"$(inherited)",
					"@executable_path/Frameworks",
				);
				MARKETING_VERSION = 1.0;
				PRODUCT_BUNDLE_IDENTIFIER = com.mijosu.medical.assistant;
				PRODUCT_NAME = "$(TARGET_NAME)";
				STRING_CATALOG_GENERATE_SYMBOLS = YES;
				SUPPORTED_PLATFORMS = "iphoneos iphonesimulator";
				SUPPORTS_MACCATALYST = NO;
				SUPPORTS_MAC_DESIGNED_FOR_IPHONE_IPAD = NO;
				SWIFT_COMPILATION_MODE = wholemodule;
				SWIFT_EMIT_LOC_STRINGS = YES;
				SWIFT_VERSION = 5.0;
				TARGETED_DEVICE_FAMILY = "1,2";
			};
			name = Release;
		};
/* End XCBuildConfiguration section */

/* Begin XCConfigurationList section */
		FAA000030000000000000001 /* Build configuration list for PBXNativeTarget "MedicalAssistant" */ = {
			isa = XCConfigurationList;
			buildConfigurations = (
				FAA000070000000000000001 /* Debug */,
				FAA000080000000000000001 /* Release */,
			);
			defaultConfigurationIsVisible = 0;
			defaultConfigurationName = Release;
		};
		FAA000060000000000000001 /* Build configuration list for PBXProject "MedicalAssistant" */ = {
			isa = XCConfigurationList;
			buildConfigurations = (
				FAA000070000000000000001 /* Debug */,
				FAA000080000000000000001 /* Release */,
			);
			defaultConfigurationIsVisible = 0;
			defaultConfigurationName = Release;
		};
/* End XCConfigurationList section */

/* Begin XCRemoteSwiftPackageReference section */
		311C849D2ED2D1A5008BE21B /* XCRemoteSwiftPackageReference "firebase-ios-sdk" */ = {
			isa = XCRemoteSwiftPackageReference;
			repositoryURL = "https://github.com/firebase/firebase-ios-sdk";
			requirement = {
				kind = upToNextMajorVersion;
				minimumVersion = 12.6.0;
			};
		};
		311C84A32ED2D1E6008BE21B /* XCRemoteSwiftPackageReference "GoogleSignIn-iOS" */ = {
			isa = XCRemoteSwiftPackageReference;
			repositoryURL = "https://github.com/google/GoogleSignIn-iOS";
			requirement = {
				kind = upToNextMajorVersion;
				minimumVersion = 9.0.0;
			};
		};
		311C84A62ED2D2EA008BE21B /* XCRemoteSwiftPackageReference "facebook-ios-sdk" */ = {
			isa = XCRemoteSwiftPackageReference;
			repositoryURL = "https://github.com/facebook/facebook-ios-sdk";
			requirement = {
				kind = upToNextMajorVersion;
				minimumVersion = 14.1.0;
			};
		};
/* End XCRemoteSwiftPackageReference section */
	};
	rootObject = FAA000050000000000000001 /* Project object */;
}
